<?xml version="1.0" encoding="utf-8"?>
<Project ToolsVersion="4.0" xmlns="http://schemas.microsoft.com/developer/msbuild/2003">
  <ItemGroup>
    <Filter Include="Source Files">
      <UniqueIdentifier>{4FC737F1-C7A5-4376-A066-2A32D752A2FF}</UniqueIdentifier>
      <Extensions>cpp;c;cc;cxx;def;odl;idl;hpj;bat;asm;asmx</Extensions>
    </Filter>
    <Filter Include="Header Files">
      <UniqueIdentifier>{93995380-89BD-4b04-88EB-625FBE52EBFB}</UniqueIdentifier>
      <Extensions>h;hpp;hxx;hm;inl;inc;xsd</Extensions>
    </Filter>
    <Filter Include="Resource Files">
      <UniqueIdentifier>{67DA6AB6-F800-4c08-8B7A-83BB121AAD01}</UniqueIdentifier>
      <Extensions>rc;ico;cur;bmp;dlg;rc2;rct;bin;rgs;gif;jpg;jpeg;jpe;resx;tiff;tif;png;wav;mfcribbon-ms</Extensions>
    </Filter>
    <Filter Include="Generated">
      <UniqueIdentifier>{3be953f9-f646-4054-85e5-94826ad48310}</UniqueIdentifier>
    </Filter>
    <Filter Include="Generated\Debug">
      <UniqueIdentifier>{aba0dd94-6e06-4318-92c7-cf6cff814def}</UniqueIdentifier>
    </Filter>
    <Filter Include="Generated\Release">
      <UniqueIdentifier>{4ace70fd-5e73-4eee-af38-2ee4687b8f65}</UniqueIdentifier>
    </Filter>
    <Filter Include="misc">
      <UniqueIdentifier>{a094d31b-160f-4181-9ff0-f6f2cc82caf7}</UniqueIdentifier>
    </Filter>
  </ItemGroup>
  <ItemGroup>
    <ClCompile Include="src\main.cpp">
      <Filter>Source Files</Filter>
    </ClCompile>
    <ClCompile Include="src\mainwindow.cpp">
      <Filter>Source Files</Filter>
    </ClCompile>
    <ClCompile Include="src\stdafx.cpp">
      <Filter>Source Files</Filter>
    </ClCompile>
    <ClCompile Include="generated\Debug\moc_mainwindow.cpp">
      <Filter>Generated\Debug</Filter>
    </ClCompile>
    <ClCompile Include="generated\qrc_main_window.cpp">
      <Filter>Generated</Filter>
    </ClCompile>
    <ClCompile Include="src\locationslistbox.cpp">
      <Filter>Source Files</Filter>
    </ClCompile>
    <ClCompile Include="src\locationpage.cpp">
      <Filter>Source Files</Filter>
    </ClCompile>
    <ClCompile Include="src\locationdesc.cpp">
      <Filter>Source Files</Filter>
    </ClCompile>
    <ClCompile Include="src\locationcode.cpp">
      <Filter>Source Files</Filter>
    </ClCompile>
    <ClCompile Include="src\actionslist.cpp">
      <Filter>Source Files</Filter>
    </ClCompile>
    <ClCompile Include="src\actioncode.cpp">
      <Filter>Source Files</Filter>
    </ClCompile>
    <ClCompile Include="src\tabswidget.cpp">
      <Filter>Source Files</Filter>
    </ClCompile>
    <ClCompile Include="generated\Debug\moc_tabswidget.cpp">
      <Filter>Generated\Debug</Filter>
    </ClCompile>
    <ClCompile Include="src\controls.cpp">
      <Filter>Source Files</Filter>
    </ClCompile>
    <ClCompile Include="src\MainToolBar.cpp">
      <Filter>Source Files</Filter>
    </ClCompile>
    <ClCompile Include="src\toolbutton.cpp">
      <Filter>Source Files</Filter>
    </ClCompile>
    <ClCompile Include="generated\Debug\moc_toolbutton.cpp">
      <Filter>Generated\Debug</Filter>
    </ClCompile>
    <ClCompile Include="src\game.cpp">
      <Filter>Source Files</Filter>
    </ClCompile>
    <ClCompile Include="src\datacontainer.cpp">
      <Filter>Source Files</Filter>
    </ClCompile>
    <ClCompile Include="src\mergedialog.cpp">
      <Filter>Source Files</Filter>
    </ClCompile>
    <ClCompile Include="generated\Debug\moc_mergedialog.cpp">
      <Filter>Generated\Debug</Filter>
    </ClCompile>
    <ClCompile Include="src\Settings.cpp">
      <Filter>Source Files</Filter>
    </ClCompile>
    <ClCompile Include="generated\Debug\moc_locationslistbox.cpp">
      <Filter>Generated\Debug</Filter>
    </ClCompile>
    <ClCompile Include="src\SyntaxTextBox.cpp">
      <Filter>Source Files</Filter>
    </ClCompile>
  </ItemGroup>
  <ItemGroup>
    <ClInclude Include="src\stdafx.h">
      <Filter>Header Files</Filter>
    </ClInclude>
    <ClInclude Include="src\locationpage.h">
      <Filter>Header Files</Filter>
    </ClInclude>
    <ClInclude Include="src\locationdesc.h">
      <Filter>Header Files</Filter>
    </ClInclude>
    <ClInclude Include="src\actionslist.h">
      <Filter>Header Files</Filter>
    </ClInclude>
    <ClInclude Include="src\actioncode.h">
      <Filter>Header Files</Filter>
    </ClInclude>
    <ClInclude Include="src\locationcode.h">
      <Filter>Header Files</Filter>
    </ClInclude>
    <ClInclude Include="src\controls.h">
      <Filter>Header Files</Filter>
    </ClInclude>
    <ClInclude Include="src\IControls.h">
      <Filter>Header Files</Filter>
    </ClInclude>
    <ClInclude Include="src\MainToolBar.h">
      <Filter>Header Files</Filter>
    </ClInclude>
    <ClInclude Include="src\game.h">
      <Filter>Header Files</Filter>
    </ClInclude>
    <ClInclude Include="src\datacontainer.h">
      <Filter>Header Files</Filter>
    </ClInclude>
    <ClInclude Include="src\Settings.h">
      <Filter>Header Files</Filter>
    </ClInclude>
    <ClInclude Include="src\ilocationpage.h">
      <Filter>Header Files</Filter>
    </ClInclude>
    <ClInclude Include="src\SyntaxTextBox.h">
      <Filter>Header Files</Filter>
    </ClInclude>
  </ItemGroup>
  <ItemGroup>
    <CustomBuild Include="src\mainwindow.h">
      <Filter>Header Files</Filter>
    </CustomBuild>
    <CustomBuild Include="misc\main_window.qrc">
      <Filter>misc</Filter>
    </CustomBuild>
    <CustomBuild Include="src\tabswidget.h">
      <Filter>Header Files</Filter>
    </CustomBuild>
    <CustomBuild Include="src\toolbutton.h">
      <Filter>Header Files</Filter>
    </CustomBuild>
    <CustomBuild Include="src\mergedialog.h">
      <Filter>Header Files</Filter>
    </CustomBuild>
    <CustomBuild Include="src\locationslistbox.h">
      <Filter>Header Files</Filter>
    </CustomBuild>
  </ItemGroup>
  <ItemGroup>
    <ResourceCompile Include="misc\win32\resource.rc">
      <Filter>Resource Files</Filter>
    </ResourceCompile>
  </ItemGroup>
</Project>